
Microsoft Visual Studio Solution File, Format Version 12.00
# Visual Studio Version 17
VisualStudioVersion = 17.11.35312.102
MinimumVisualStudioVersion = 10.0.40219.1
Project("{9A19103F-16F7-4668-BE54-9A1E7A4F7556}") = "EX01", "EX01\EX01.csproj", "{3110B21C-4ADB-43B8-8684-E0A8CCE31AD6}"
EndProject
Project("{9A19103F-16F7-4668-BE54-9A1E7A4F7556}") = "EX02", "EX02\EX02.csproj", "{02CC1088-4ED3-425B-AA31-9299020CA739}"
EndProject
Project("{9A19103F-16F7-4668-BE54-9A1E7A4F7556}") = "EX03", "EX03\EX03.csproj", "{8508A27A-E37A-4A64-A25B-C8CF7EDFB7F4}"
EndProject
Project("{9A19103F-16F7-4668-BE54-9A1E7A4F7556}") = "EX07", "EX07\EX07.csproj", "{54F5CB78-F0DD-4F61-BC87-A8497B889381}"
EndProject
Project("{9A19103F-16F7-4668-BE54-9A1E7A4F7556}") = "ejemplo", "ejemplo\ejemplo.csproj", "{D21DA67A-6326-4FA6-AFA0-856AE4884772}"
EndProject
Project("{9A19103F-16F7-4668-BE54-9A1E7A4F7556}") = "EX04", "EX04\EX04.csproj", "{E993720B-C885-4E78-8AE7-8E3C53184C28}"
EndProject
Project("{9A19103F-16F7-4668-BE54-9A1E7A4F7556}") = "EX05", "EX05\EX05.csproj", "{B1DB6888-967F-4181-971D-2330936FDB4E}"
EndProject
Project("{FAE04EC0-301F-11D3-BF4B-00C04F79EFBC}") = "EX09", "EX09\EX09.csproj", "{37C6BDDB-0213-40C0-9CF6-AAFEBE240ADE}"
EndProject
Project("{FAE04EC0-301F-11D3-BF4B-00C04F79EFBC}") = "EX10", "EX10\EX10.csproj", "{849AEB39-D689-4439-9626-39D931DEFEB4}"
EndProject
Project("{FAE04EC0-301F-11D3-BF4B-00C04F79EFBC}") = "EX12", "EX12\EX12.csproj", "{5A65EABB-21F4-4893-97D8-241894AAC0B7}"
EndProject
Project("{FAE04EC0-301F-11D3-BF4B-00C04F79EFBC}") = "EX13", "EX13\EX13.csproj", "{C6460925-40AD-4000-B3D3-C20348189949}"
EndProject
Global
	GlobalSection(SolutionConfigurationPlatforms) = preSolution
		Debug|Any CPU = Debug|Any CPU
		Release|Any CPU = Release|Any CPU
	EndGlobalSection
	GlobalSection(ProjectConfigurationPlatforms) = postSolution
		{3110B21C-4ADB-43B8-8684-E0A8CCE31AD6}.Debug|Any CPU.ActiveCfg = Debug|Any CPU
		{3110B21C-4ADB-43B8-8684-E0A8CCE31AD6}.Debug|Any CPU.Build.0 = Debug|Any CPU
		{3110B21C-4ADB-43B8-8684-E0A8CCE31AD6}.Release|Any CPU.ActiveCfg = Release|Any CPU
		{3110B21C-4ADB-43B8-8684-E0A8CCE31AD6}.Release|Any CPU.Build.0 = Release|Any CPU
		{02CC1088-4ED3-425B-AA31-9299020CA739}.Debug|Any CPU.ActiveCfg = Debug|Any CPU
		{02CC1088-4ED3-425B-AA31-9299020CA739}.Debug|Any CPU.Build.0 = Debug|Any CPU
		{02CC1088-4ED3-425B-AA31-9299020CA739}.Release|Any CPU.ActiveCfg = Release|Any CPU
		{02CC1088-4ED3-425B-AA31-9299020CA739}.Release|Any CPU.Build.0 = Release|Any CPU
		{8508A27A-E37A-4A64-A25B-C8CF7EDFB7F4}.Debug|Any CPU.ActiveCfg = Debug|Any CPU
		{8508A27A-E37A-4A64-A25B-C8CF7EDFB7F4}.Debug|Any CPU.Build.0 = Debug|Any CPU
		{8508A27A-E37A-4A64-A25B-C8CF7EDFB7F4}.Release|Any CPU.ActiveCfg = Release|Any CPU
		{8508A27A-E37A-4A64-A25B-C8CF7EDFB7F4}.Release|Any CPU.Build.0 = Release|Any CPU
		{54F5CB78-F0DD-4F61-BC87-A8497B889381}.Debug|Any CPU.ActiveCfg = Debug|Any CPU
		{54F5CB78-F0DD-4F61-BC87-A8497B889381}.Debug|Any CPU.Build.0 = Debug|Any CPU
		{54F5CB78-F0DD-4F61-BC87-A8497B889381}.Release|Any CPU.ActiveCfg = Release|Any CPU
		{54F5CB78-F0DD-4F61-BC87-A8497B889381}.Release|Any CPU.Build.0 = Release|Any CPU
		{D21DA67A-6326-4FA6-AFA0-856AE4884772}.Debug|Any CPU.ActiveCfg = Debug|Any CPU
		{D21DA67A-6326-4FA6-AFA0-856AE4884772}.Debug|Any CPU.Build.0 = Debug|Any CPU
		{D21DA67A-6326-4FA6-AFA0-856AE4884772}.Release|Any CPU.ActiveCfg = Release|Any CPU
		{D21DA67A-6326-4FA6-AFA0-856AE4884772}.Release|Any CPU.Build.0 = Release|Any CPU
		{E993720B-C885-4E78-8AE7-8E3C53184C28}.Debug|Any CPU.ActiveCfg = Debug|Any CPU
		{E993720B-C885-4E78-8AE7-8E3C53184C28}.Debug|Any CPU.Build.0 = Debug|Any CPU
		{E993720B-C885-4E78-8AE7-8E3C53184C28}.Release|Any CPU.ActiveCfg = Release|Any CPU
		{E993720B-C885-4E78-8AE7-8E3C53184C28}.Release|Any CPU.Build.0 = Release|Any CPU
		{B1DB6888-967F-4181-971D-2330936FDB4E}.Debug|Any CPU.ActiveCfg = Debug|Any CPU
		{B1DB6888-967F-4181-971D-2330936FDB4E}.Debug|Any CPU.Build.0 = Debug|Any CPU
		{B1DB6888-967F-4181-971D-2330936FDB4E}.Release|Any CPU.ActiveCfg = Release|Any CPU
		{B1DB6888-967F-4181-971D-2330936FDB4E}.Release|Any CPU.Build.0 = Release|Any CPU
		{37C6BDDB-0213-40C0-9CF6-AAFEBE240ADE}.Debug|Any CPU.ActiveCfg = Debug|Any CPU
		{37C6BDDB-0213-40C0-9CF6-AAFEBE240ADE}.Debug|Any CPU.Build.0 = Debug|Any CPU
		{37C6BDDB-0213-40C0-9CF6-AAFEBE240ADE}.Release|Any CPU.ActiveCfg = Release|Any CPU
		{37C6BDDB-0213-40C0-9CF6-AAFEBE240ADE}.Release|Any CPU.Build.0 = Release|Any CPU
		{849AEB39-D689-4439-9626-39D931DEFEB4}.Debug|Any CPU.ActiveCfg = Debug|Any CPU
		{849AEB39-D689-4439-9626-39D931DEFEB4}.Debug|Any CPU.Build.0 = Debug|Any CPU
		{849AEB39-D689-4439-9626-39D931DEFEB4}.Release|Any CPU.ActiveCfg = Release|Any CPU
		{849AEB39-D689-4439-9626-39D931DEFEB4}.Release|Any CPU.Build.0 = Release|Any CPU
		{5A65EABB-21F4-4893-97D8-241894AAC0B7}.Debug|Any CPU.ActiveCfg = Debug|Any CPU
		{5A65EABB-21F4-4893-97D8-241894AAC0B7}.Debug|Any CPU.Build.0 = Debug|Any CPU
		{5A65EABB-21F4-4893-97D8-241894AAC0B7}.Release|Any CPU.ActiveCfg = Release|Any CPU
		{5A65EABB-21F4-4893-97D8-241894AAC0B7}.Release|Any CPU.Build.0 = Release|Any CPU
		{C6460925-40AD-4000-B3D3-C20348189949}.Debug|Any CPU.ActiveCfg = Debug|Any CPU
		{C6460925-40AD-4000-B3D3-C20348189949}.Debug|Any CPU.Build.0 = Debug|Any CPU
		{C6460925-40AD-4000-B3D3-C20348189949}.Release|Any CPU.ActiveCfg = Release|Any CPU
		{C6460925-40AD-4000-B3D3-C20348189949}.Release|Any CPU.Build.0 = Release|Any CPU
	EndGlobalSection
	GlobalSection(SolutionProperties) = preSolution
		HideSolutionNode = FALSE
	EndGlobalSection
	GlobalSection(ExtensibilityGlobals) = postSolution
		SolutionGuid = {9A2B26B7-3BBD-4DBC-8AFC-E52CEA150797}
	EndGlobalSection
EndGlobal
