
Microsoft Visual Studio Solution File, Format Version 12.00
# Visual Studio Version 17
VisualStudioVersion = 17.11.35312.102
MinimumVisualStudioVersion = 10.0.40219.1
Project("{9A19103F-16F7-4668-BE54-9A1E7A4F7556}") = "EX01", "EX01\EX01.csproj", "{3110B21C-4ADB-43B8-8684-E0A8CCE31AD6}"
EndProject
Project("{9A19103F-16F7-4668-BE54-9A1E7A4F7556}") = "EX02", "EX02\EX02.csproj", "{02CC1088-4ED3-425B-AA31-9299020CA739}"
EndProject
Project("{9A19103F-16F7-4668-BE54-9A1E7A4F7556}") = "EX03", "EX03\EX03.csproj", "{8508A27A-E37A-4A64-A25B-C8CF7EDFB7F4}"
EndProject
Project("{9A19103F-16F7-4668-BE54-9A1E7A4F7556}") = "EX07", "EX07\EX07.csproj", "{54F5CB78-F0DD-4F61-BC87-A8497B889381}"
EndProject
Project("{9A19103F-16F7-4668-BE54-9A1E7A4F7556}") = "ejemplo", "ejemplo\ejemplo.csproj", "{D21DA67A-6326-4FA6-AFA0-856AE4884772}"
EndProject
Project("{9A19103F-16F7-4668-BE54-9A1E7A4F7556}") = "EX04", "EX04\EX04.csproj", "{E993720B-C885-4E78-8AE7-8E3C53184C28}"
EndProject
Project("{9A19103F-16F7-4668-BE54-9A1E7A4F7556}") = "EX05", "EX05\EX05.csproj", "{B1DB6888-967F-4181-971D-2330936FDB4E}"
EndProject
Project("{9A19103F-16F7-4668-BE54-9A1E7A4F7556}") = "EX09", "EX09\EX09.csproj", "{37C6BDDB-0213-40C0-9CF6-AAFEBE240ADE}"
EndProject
Project("{9A19103F-16F7-4668-BE54-9A1E7A4F7556}") = "EX10", "EX10\EX10.csproj", "{849AEB39-D689-4439-9626-39D931DEFEB4}"
EndProject
Project("{9A19103F-16F7-4668-BE54-9A1E7A4F7556}") = "EX12", "EX12\EX12.csproj", "{5A65EABB-21F4-4893-97D8-241894AAC0B7}"
EndProject
Project("{9A19103F-16F7-4668-BE54-9A1E7A4F7556}") = "EX13", "EX13\EX13.csproj", "{C6460925-40AD-4000-B3D3-C20348189949}"
EndProject
Project("{9A19103F-16F7-4668-BE54-9A1E7A4F7556}") = "EX06", "EX06\EX06.csproj", "{A43F03AE-DE26-454F-8B76-7D7625983AA9}"
EndProject
Project("{9A19103F-16F7-4668-BE54-9A1E7A4F7556}") = "EX08", "EX08\EX08.csproj", "{DD597568-E5DC-468E-BCB9-5BD4A5EBA546}"
EndProject
Project("{FAE04EC0-301F-11D3-BF4B-00C04F79EFBC}") = "EX14", "EX14\EX14.csproj", "{AD630AE7-4E56-4B41-8724-E2FE03E7CEAA}"
EndProject
Project("{FAE04EC0-301F-11D3-BF4B-00C04F79EFBC}") = "EX15", "EX15\EX15.csproj", "{98D8E12E-C8F9-424F-ADAF-45224E22C58A}"
EndProject
Project("{FAE04EC0-301F-11D3-BF4B-00C04F79EFBC}") = "EX16", "EX16\EX16.csproj", "{41F3BFD9-64F5-415C-AD60-A0F6C4FBD2E0}"
EndProject
Global
	GlobalSection(SolutionConfigurationPlatforms) = preSolution
		Debug|Any CPU = Debug|Any CPU
		Release|Any CPU = Release|Any CPU
	EndGlobalSection
	GlobalSection(ProjectConfigurationPlatforms) = postSolution
		{3110B21C-4ADB-43B8-8684-E0A8CCE31AD6}.Debug|Any CPU.ActiveCfg = Debug|Any CPU
		{3110B21C-4ADB-43B8-8684-E0A8CCE31AD6}.Debug|Any CPU.Build.0 = Debug|Any CPU
		{3110B21C-4ADB-43B8-8684-E0A8CCE31AD6}.Release|Any CPU.ActiveCfg = Release|Any CPU
		{3110B21C-4ADB-43B8-8684-E0A8CCE31AD6}.Release|Any CPU.Build.0 = Release|Any CPU
		{02CC1088-4ED3-425B-AA31-9299020CA739}.Debug|Any CPU.ActiveCfg = Debug|Any CPU
		{02CC1088-4ED3-425B-AA31-9299020CA739}.Debug|Any CPU.Build.0 = Debug|Any CPU
		{02CC1088-4ED3-425B-AA31-9299020CA739}.Release|Any CPU.ActiveCfg = Release|Any CPU
		{02CC1088-4ED3-425B-AA31-9299020CA739}.Release|Any CPU.Build.0 = Release|Any CPU
		{8508A27A-E37A-4A64-A25B-C8CF7EDFB7F4}.Debug|Any CPU.ActiveCfg = Debug|Any CPU
		{8508A27A-E37A-4A64-A25B-C8CF7EDFB7F4}.Debug|Any CPU.Build.0 = Debug|Any CPU
		{8508A27A-E37A-4A64-A25B-C8CF7EDFB7F4}.Release|Any CPU.ActiveCfg = Release|Any CPU
		{8508A27A-E37A-4A64-A25B-C8CF7EDFB7F4}.Release|Any CPU.Build.0 = Release|Any CPU
		{54F5CB78-F0DD-4F61-BC87-A8497B889381}.Debug|Any CPU.ActiveCfg = Debug|Any CPU
		{54F5CB78-F0DD-4F61-BC87-A8497B889381}.Debug|Any CPU.Build.0 = Debug|Any CPU
		{54F5CB78-F0DD-4F61-BC87-A8497B889381}.Release|Any CPU.ActiveCfg = Release|Any CPU
		{54F5CB78-F0DD-4F61-BC87-A8497B889381}.Release|Any CPU.Build.0 = Release|Any CPU
		{D21DA67A-6326-4FA6-AFA0-856AE4884772}.Debug|Any CPU.ActiveCfg = Debug|Any CPU
		{D21DA67A-6326-4FA6-AFA0-856AE4884772}.Debug|Any CPU.Build.0 = Debug|Any CPU
		{D21DA67A-6326-4FA6-AFA0-856AE4884772}.Release|Any CPU.ActiveCfg = Release|Any CPU
		{D21DA67A-6326-4FA6-AFA0-856AE4884772}.Release|Any CPU.Build.0 = Release|Any CPU
		{E993720B-C885-4E78-8AE7-8E3C53184C28}.Debug|Any CPU.ActiveCfg = Debug|Any CPU
		{E993720B-C885-4E78-8AE7-8E3C53184C28}.Debug|Any CPU.Build.0 = Debug|Any CPU
		{E993720B-C885-4E78-8AE7-8E3C53184C28}.Release|Any CPU.ActiveCfg = Release|Any CPU
		{E993720B-C885-4E78-8AE7-8E3C53184C28}.Release|Any CPU.Build.0 = Release|Any CPU
		{B1DB6888-967F-4181-971D-2330936FDB4E}.Debug|Any CPU.ActiveCfg = Debug|Any CPU
		{B1DB6888-967F-4181-971D-2330936FDB4E}.Debug|Any CPU.Build.0 = Debug|Any CPU
		{B1DB6888-967F-4181-971D-2330936FDB4E}.Release|Any CPU.ActiveCfg = Release|Any CPU
		{B1DB6888-967F-4181-971D-2330936FDB4E}.Release|Any CPU.Build.0 = Release|Any CPU
		{37C6BDDB-0213-40C0-9CF6-AAFEBE240ADE}.Debug|Any CPU.ActiveCfg = Debug|Any CPU
		{37C6BDDB-0213-40C0-9CF6-AAFEBE240ADE}.Debug|Any CPU.Build.0 = Debug|Any CPU
		{37C6BDDB-0213-40C0-9CF6-AAFEBE240ADE}.Release|Any CPU.ActiveCfg = Release|Any CPU
		{37C6BDDB-0213-40C0-9CF6-AAFEBE240ADE}.Release|Any CPU.Build.0 = Release|Any CPU
		{849AEB39-D689-4439-9626-39D931DEFEB4}.Debug|Any CPU.ActiveCfg = Debug|Any CPU
		{849AEB39-D689-4439-9626-39D931DEFEB4}.Debug|Any CPU.Build.0 = Debug|Any CPU
		{849AEB39-D689-4439-9626-39D931DEFEB4}.Release|Any CPU.ActiveCfg = Release|Any CPU
		{849AEB39-D689-4439-9626-39D931DEFEB4}.Release|Any CPU.Build.0 = Release|Any CPU
		{5A65EABB-21F4-4893-97D8-241894AAC0B7}.Debug|Any CPU.ActiveCfg = Debug|Any CPU
		{5A65EABB-21F4-4893-97D8-241894AAC0B7}.Debug|Any CPU.Build.0 = Debug|Any CPU
		{5A65EABB-21F4-4893-97D8-241894AAC0B7}.Release|Any CPU.ActiveCfg = Release|Any CPU
		{5A65EABB-21F4-4893-97D8-241894AAC0B7}.Release|Any CPU.Build.0 = Release|Any CPU
		{C6460925-40AD-4000-B3D3-C20348189949}.Debug|Any CPU.ActiveCfg = Debug|Any CPU
		{C6460925-40AD-4000-B3D3-C20348189949}.Debug|Any CPU.Build.0 = Debug|Any CPU
		{C6460925-40AD-4000-B3D3-C20348189949}.Release|Any CPU.ActiveCfg = Release|Any CPU
		{C6460925-40AD-4000-B3D3-C20348189949}.Release|Any CPU.Build.0 = Release|Any CPU
		{A43F03AE-DE26-454F-8B76-7D7625983AA9}.Debug|Any CPU.ActiveCfg = Debug|Any CPU
		{A43F03AE-DE26-454F-8B76-7D7625983AA9}.Debug|Any CPU.Build.0 = Debug|Any CPU
		{A43F03AE-DE26-454F-8B76-7D7625983AA9}.Release|Any CPU.ActiveCfg = Release|Any CPU
		{A43F03AE-DE26-454F-8B76-7D7625983AA9}.Release|Any CPU.Build.0 = Release|Any CPU
		{DD597568-E5DC-468E-BCB9-5BD4A5EBA546}.Debug|Any CPU.ActiveCfg = Debug|Any CPU
		{DD597568-E5DC-468E-BCB9-5BD4A5EBA546}.Debug|Any CPU.Build.0 = Debug|Any CPU
		{DD597568-E5DC-468E-BCB9-5BD4A5EBA546}.Release|Any CPU.ActiveCfg = Release|Any CPU
		{DD597568-E5DC-468E-BCB9-5BD4A5EBA546}.Release|Any CPU.Build.0 = Release|Any CPU
		{AD630AE7-4E56-4B41-8724-E2FE03E7CEAA}.Debug|Any CPU.ActiveCfg = Debug|Any CPU
		{AD630AE7-4E56-4B41-8724-E2FE03E7CEAA}.Debug|Any CPU.Build.0 = Debug|Any CPU
		{AD630AE7-4E56-4B41-8724-E2FE03E7CEAA}.Release|Any CPU.ActiveCfg = Release|Any CPU
		{AD630AE7-4E56-4B41-8724-E2FE03E7CEAA}.Release|Any CPU.Build.0 = Release|Any CPU
		{98D8E12E-C8F9-424F-ADAF-45224E22C58A}.Debug|Any CPU.ActiveCfg = Debug|Any CPU
		{98D8E12E-C8F9-424F-ADAF-45224E22C58A}.Debug|Any CPU.Build.0 = Debug|Any CPU
		{98D8E12E-C8F9-424F-ADAF-45224E22C58A}.Release|Any CPU.ActiveCfg = Release|Any CPU
		{98D8E12E-C8F9-424F-ADAF-45224E22C58A}.Release|Any CPU.Build.0 = Release|Any CPU
		{41F3BFD9-64F5-415C-AD60-A0F6C4FBD2E0}.Debug|Any CPU.ActiveCfg = Debug|Any CPU
		{41F3BFD9-64F5-415C-AD60-A0F6C4FBD2E0}.Debug|Any CPU.Build.0 = Debug|Any CPU
		{41F3BFD9-64F5-415C-AD60-A0F6C4FBD2E0}.Release|Any CPU.ActiveCfg = Release|Any CPU
		{41F3BFD9-64F5-415C-AD60-A0F6C4FBD2E0}.Release|Any CPU.Build.0 = Release|Any CPU
	EndGlobalSection
	GlobalSection(SolutionProperties) = preSolution
		HideSolutionNode = FALSE
	EndGlobalSection
	GlobalSection(ExtensibilityGlobals) = postSolution
		SolutionGuid = {9A2B26B7-3BBD-4DBC-8AFC-E52CEA150797}
	EndGlobalSection
EndGlobal
